// !$*UTF8*$!
{
	archiveVersion = 1;
	classes = {
	};
	objectVersion = 51;
	objects = {

/* Begin PBXBuildFile section */
		193CBD6DE3B065A5BC637368 /* Pods_clusterMap_clusterMapUITests.framework in Frameworks */ = {isa = PBXBuildFile; fileRef = 5819AEF33B10C85A109965E1 /* Pods_clusterMap_clusterMapUITests.framework */; };
		FB3C26C1D54E30C66DB296F1 /* Pods_clusterMap.framework in Frameworks */ = {isa = PBXBuildFile; fileRef = 0EC4A0AFA086C90E8E5AFA58 /* Pods_clusterMap.framework */; };
		FBAD97702DFAD593B8A225E0 /* Pods_clusterMapTests.framework in Frameworks */ = {isa = PBXBuildFile; fileRef = 0C8FFE3FB0AA5287A8FB78F0 /* Pods_clusterMapTests.framework */; };
		FC501862258D0D1200ECF406 /* AppDelegate.swift in Sources */ = {isa = PBXBuildFile; fileRef = FC501861258D0D1200ECF406 /* AppDelegate.swift */; };
		FC501864258D0D1200ECF406 /* SceneDelegate.swift in Sources */ = {isa = PBXBuildFile; fileRef = FC501863258D0D1200ECF406 /* SceneDelegate.swift */; };
		FC501866258D0D1200ECF406 /* ViewController.swift in Sources */ = {isa = PBXBuildFile; fileRef = FC501865258D0D1200ECF406 /* ViewController.swift */; };
		FC501869258D0D1200ECF406 /* Main.storyboard in Resources */ = {isa = PBXBuildFile; fileRef = FC501867258D0D1200ECF406 /* Main.storyboard */; };
		FC50186B258D0D1900ECF406 /* Assets.xcassets in Resources */ = {isa = PBXBuildFile; fileRef = FC50186A258D0D1900ECF406 /* Assets.xcassets */; };
		FC50186E258D0D1900ECF406 /* LaunchScreen.storyboard in Resources */ = {isa = PBXBuildFile; fileRef = FC50186C258D0D1900ECF406 /* LaunchScreen.storyboard */; };
		FC501879258D0D1900ECF406 /* clusterMapTests.swift in Sources */ = {isa = PBXBuildFile; fileRef = FC501878258D0D1900ECF406 /* clusterMapTests.swift */; };
		FC501884258D0D1900ECF406 /* clusterMapUITests.swift in Sources */ = {isa = PBXBuildFile; fileRef = FC501883258D0D1900ECF406 /* clusterMapUITests.swift */; };
		FC501896258D0F2F00ECF406 /* Secret.swift in Sources */ = {isa = PBXBuildFile; fileRef = FC501895258D0F2F00ECF406 /* Secret.swift */; };
		FC5018A5258D30D500ECF406 /* MapAPIManager.swift in Sources */ = {isa = PBXBuildFile; fileRef = FC5018A4258D30D500ECF406 /* MapAPIManager.swift */; };
		FC5018AA258D312F00ECF406 /* Venue.swift in Sources */ = {isa = PBXBuildFile; fileRef = FC5018A9258D312F00ECF406 /* Venue.swift */; };
/* End PBXBuildFile section */

/* Begin PBXContainerItemProxy section */
		FC501875258D0D1900ECF406 /* PBXContainerItemProxy */ = {
			isa = PBXContainerItemProxy;
			containerPortal = FC501856258D0D1200ECF406 /* Project object */;
			proxyType = 1;
			remoteGlobalIDString = FC50185D258D0D1200ECF406;
			remoteInfo = clusterMap;
		};
		FC501880258D0D1900ECF406 /* PBXContainerItemProxy */ = {
			isa = PBXContainerItemProxy;
			containerPortal = FC501856258D0D1200ECF406 /* Project object */;
			proxyType = 1;
			remoteGlobalIDString = FC50185D258D0D1200ECF406;
			remoteInfo = clusterMap;
		};
/* End PBXContainerItemProxy section */

/* Begin PBXFileReference section */
		0C8FFE3FB0AA5287A8FB78F0 /* Pods_clusterMapTests.framework */ = {isa = PBXFileReference; explicitFileType = wrapper.framework; includeInIndex = 0; path = Pods_clusterMapTests.framework; sourceTree = BUILT_PRODUCTS_DIR; };
		0EC4A0AFA086C90E8E5AFA58 /* Pods_clusterMap.framework */ = {isa = PBXFileReference; explicitFileType = wrapper.framework; includeInIndex = 0; path = Pods_clusterMap.framework; sourceTree = BUILT_PRODUCTS_DIR; };
		279A0EA68C388F3D214C407E /* Pods-clusterMapTests.release.xcconfig */ = {isa = PBXFileReference; includeInIndex = 1; lastKnownFileType = text.xcconfig; name = "Pods-clusterMapTests.release.xcconfig"; path = "Target Support Files/Pods-clusterMapTests/Pods-clusterMapTests.release.xcconfig"; sourceTree = "<group>"; };
		33E97DA02378BE8399BF7606 /* Pods-clusterMap.debug.xcconfig */ = {isa = PBXFileReference; includeInIndex = 1; lastKnownFileType = text.xcconfig; name = "Pods-clusterMap.debug.xcconfig"; path = "Target Support Files/Pods-clusterMap/Pods-clusterMap.debug.xcconfig"; sourceTree = "<group>"; };
		56DFB4197A77F9CAD5F898B0 /* Pods-clusterMap-clusterMapUITests.debug.xcconfig */ = {isa = PBXFileReference; includeInIndex = 1; lastKnownFileType = text.xcconfig; name = "Pods-clusterMap-clusterMapUITests.debug.xcconfig"; path = "Target Support Files/Pods-clusterMap-clusterMapUITests/Pods-clusterMap-clusterMapUITests.debug.xcconfig"; sourceTree = "<group>"; };
		5819AEF33B10C85A109965E1 /* Pods_clusterMap_clusterMapUITests.framework */ = {isa = PBXFileReference; explicitFileType = wrapper.framework; includeInIndex = 0; path = Pods_clusterMap_clusterMapUITests.framework; sourceTree = BUILT_PRODUCTS_DIR; };
		62D8FA59A4E582B63D88EEFD /* Pods-clusterMap-clusterMapUITests.release.xcconfig */ = {isa = PBXFileReference; includeInIndex = 1; lastKnownFileType = text.xcconfig; name = "Pods-clusterMap-clusterMapUITests.release.xcconfig"; path = "Target Support Files/Pods-clusterMap-clusterMapUITests/Pods-clusterMap-clusterMapUITests.release.xcconfig"; sourceTree = "<group>"; };
		9E15858169B1B0DBD19A83BF /* Pods-clusterMap.release.xcconfig */ = {isa = PBXFileReference; includeInIndex = 1; lastKnownFileType = text.xcconfig; name = "Pods-clusterMap.release.xcconfig"; path = "Target Support Files/Pods-clusterMap/Pods-clusterMap.release.xcconfig"; sourceTree = "<group>"; };
		EEA4AEAEDDCC2C3728906194 /* Pods-clusterMapTests.debug.xcconfig */ = {isa = PBXFileReference; includeInIndex = 1; lastKnownFileType = text.xcconfig; name = "Pods-clusterMapTests.debug.xcconfig"; path = "Target Support Files/Pods-clusterMapTests/Pods-clusterMapTests.debug.xcconfig"; sourceTree = "<group>"; };
		FC50185E258D0D1200ECF406 /* clusterMap.app */ = {isa = PBXFileReference; explicitFileType = wrapper.application; includeInIndex = 0; path = clusterMap.app; sourceTree = BUILT_PRODUCTS_DIR; };
		FC501861258D0D1200ECF406 /* AppDelegate.swift */ = {isa = PBXFileReference; lastKnownFileType = sourcecode.swift; path = AppDelegate.swift; sourceTree = "<group>"; };
		FC501863258D0D1200ECF406 /* SceneDelegate.swift */ = {isa = PBXFileReference; lastKnownFileType = sourcecode.swift; path = SceneDelegate.swift; sourceTree = "<group>"; };
		FC501865258D0D1200ECF406 /* ViewController.swift */ = {isa = PBXFileReference; lastKnownFileType = sourcecode.swift; path = ViewController.swift; sourceTree = "<group>"; };
		FC501868258D0D1200ECF406 /* Base */ = {isa = PBXFileReference; lastKnownFileType = file.storyboard; name = Base; path = Base.lproj/Main.storyboard; sourceTree = "<group>"; };
		FC50186A258D0D1900ECF406 /* Assets.xcassets */ = {isa = PBXFileReference; lastKnownFileType = folder.assetcatalog; path = Assets.xcassets; sourceTree = "<group>"; };
		FC50186D258D0D1900ECF406 /* Base */ = {isa = PBXFileReference; lastKnownFileType = file.storyboard; name = Base; path = Base.lproj/LaunchScreen.storyboard; sourceTree = "<group>"; };
		FC50186F258D0D1900ECF406 /* Info.plist */ = {isa = PBXFileReference; lastKnownFileType = text.plist.xml; path = Info.plist; sourceTree = "<group>"; };
		FC501874258D0D1900ECF406 /* clusterMapTests.xctest */ = {isa = PBXFileReference; explicitFileType = wrapper.cfbundle; includeInIndex = 0; path = clusterMapTests.xctest; sourceTree = BUILT_PRODUCTS_DIR; };
		FC501878258D0D1900ECF406 /* clusterMapTests.swift */ = {isa = PBXFileReference; lastKnownFileType = sourcecode.swift; path = clusterMapTests.swift; sourceTree = "<group>"; };
		FC50187A258D0D1900ECF406 /* Info.plist */ = {isa = PBXFileReference; lastKnownFileType = text.plist.xml; path = Info.plist; sourceTree = "<group>"; };
		FC50187F258D0D1900ECF406 /* clusterMapUITests.xctest */ = {isa = PBXFileReference; explicitFileType = wrapper.cfbundle; includeInIndex = 0; path = clusterMapUITests.xctest; sourceTree = BUILT_PRODUCTS_DIR; };
		FC501883258D0D1900ECF406 /* clusterMapUITests.swift */ = {isa = PBXFileReference; lastKnownFileType = sourcecode.swift; path = clusterMapUITests.swift; sourceTree = "<group>"; };
		FC501885258D0D1900ECF406 /* Info.plist */ = {isa = PBXFileReference; lastKnownFileType = text.plist.xml; path = Info.plist; sourceTree = "<group>"; };
		FC501895258D0F2F00ECF406 /* Secret.swift */ = {isa = PBXFileReference; lastKnownFileType = sourcecode.swift; path = Secret.swift; sourceTree = "<group>"; };
		FC5018A4258D30D500ECF406 /* MapAPIManager.swift */ = {isa = PBXFileReference; lastKnownFileType = sourcecode.swift; path = MapAPIManager.swift; sourceTree = "<group>"; };
		FC5018A9258D312F00ECF406 /* Venue.swift */ = {isa = PBXFileReference; lastKnownFileType = sourcecode.swift; path = Venue.swift; sourceTree = "<group>"; };
/* End PBXFileReference section */

/* Begin PBXFrameworksBuildPhase section */
		FC50185B258D0D1200ECF406 /* Frameworks */ = {
			isa = PBXFrameworksBuildPhase;
			buildActionMask = 2147483647;
			files = (
				FB3C26C1D54E30C66DB296F1 /* Pods_clusterMap.framework in Frameworks */,
			);
			runOnlyForDeploymentPostprocessing = 0;
		};
		FC501871258D0D1900ECF406 /* Frameworks */ = {
			isa = PBXFrameworksBuildPhase;
			buildActionMask = 2147483647;
			files = (
				FBAD97702DFAD593B8A225E0 /* Pods_clusterMapTests.framework in Frameworks */,
			);
			runOnlyForDeploymentPostprocessing = 0;
		};
		FC50187C258D0D1900ECF406 /* Frameworks */ = {
			isa = PBXFrameworksBuildPhase;
			buildActionMask = 2147483647;
			files = (
				193CBD6DE3B065A5BC637368 /* Pods_clusterMap_clusterMapUITests.framework in Frameworks */,
			);
			runOnlyForDeploymentPostprocessing = 0;
		};
/* End PBXFrameworksBuildPhase section */

/* Begin PBXGroup section */
		2105947219E98F47D255F1EC /* Pods */ = {
			isa = PBXGroup;
			children = (
				33E97DA02378BE8399BF7606 /* Pods-clusterMap.debug.xcconfig */,
				9E15858169B1B0DBD19A83BF /* Pods-clusterMap.release.xcconfig */,
				56DFB4197A77F9CAD5F898B0 /* Pods-clusterMap-clusterMapUITests.debug.xcconfig */,
				62D8FA59A4E582B63D88EEFD /* Pods-clusterMap-clusterMapUITests.release.xcconfig */,
				EEA4AEAEDDCC2C3728906194 /* Pods-clusterMapTests.debug.xcconfig */,
				279A0EA68C388F3D214C407E /* Pods-clusterMapTests.release.xcconfig */,
			);
			path = Pods;
			sourceTree = "<group>";
		};
		764932D2439AB188B36F50A9 /* Frameworks */ = {
			isa = PBXGroup;
			children = (
				0EC4A0AFA086C90E8E5AFA58 /* Pods_clusterMap.framework */,
				5819AEF33B10C85A109965E1 /* Pods_clusterMap_clusterMapUITests.framework */,
				0C8FFE3FB0AA5287A8FB78F0 /* Pods_clusterMapTests.framework */,
			);
			name = Frameworks;
			sourceTree = "<group>";
		};
		FC501855258D0D1200ECF406 = {
			isa = PBXGroup;
			children = (
				FC501860258D0D1200ECF406 /* clusterMap */,
				FC501877258D0D1900ECF406 /* clusterMapTests */,
				FC501882258D0D1900ECF406 /* clusterMapUITests */,
				FC50185F258D0D1200ECF406 /* Products */,
				2105947219E98F47D255F1EC /* Pods */,
				764932D2439AB188B36F50A9 /* Frameworks */,
			);
			sourceTree = "<group>";
		};
		FC50185F258D0D1200ECF406 /* Products */ = {
			isa = PBXGroup;
			children = (
				FC50185E258D0D1200ECF406 /* clusterMap.app */,
				FC501874258D0D1900ECF406 /* clusterMapTests.xctest */,
				FC50187F258D0D1900ECF406 /* clusterMapUITests.xctest */,
			);
			name = Products;
			sourceTree = "<group>";
		};
		FC501860258D0D1200ECF406 /* clusterMap */ = {
			isa = PBXGroup;
			children = (
				FC501861258D0D1200ECF406 /* AppDelegate.swift */,
				FC501863258D0D1200ECF406 /* SceneDelegate.swift */,
				FC501865258D0D1200ECF406 /* ViewController.swift */,
				FC5018A4258D30D500ECF406 /* MapAPIManager.swift */,
				FC5018A9258D312F00ECF406 /* Venue.swift */,
				FC501894258D0F1000ECF406 /* Secret */,
				FC501867258D0D1200ECF406 /* Main.storyboard */,
				FC50186A258D0D1900ECF406 /* Assets.xcassets */,
				FC50186C258D0D1900ECF406 /* LaunchScreen.storyboard */,
				FC50186F258D0D1900ECF406 /* Info.plist */,
			);
			path = clusterMap;
			sourceTree = "<group>";
		};
		FC501877258D0D1900ECF406 /* clusterMapTests */ = {
			isa = PBXGroup;
			children = (
				FC501878258D0D1900ECF406 /* clusterMapTests.swift */,
				FC50187A258D0D1900ECF406 /* Info.plist */,
			);
			path = clusterMapTests;
			sourceTree = "<group>";
		};
		FC501882258D0D1900ECF406 /* clusterMapUITests */ = {
			isa = PBXGroup;
			children = (
				FC501883258D0D1900ECF406 /* clusterMapUITests.swift */,
				FC501885258D0D1900ECF406 /* Info.plist */,
			);
			path = clusterMapUITests;
			sourceTree = "<group>";
		};
		FC501894258D0F1000ECF406 /* Secret */ = {
			isa = PBXGroup;
			children = (
				FC501895258D0F2F00ECF406 /* Secret.swift */,
			);
			path = Secret;
			sourceTree = "<group>";
		};
/* End PBXGroup section */

/* Begin PBXNativeTarget section */
		FC50185D258D0D1200ECF406 /* clusterMap */ = {
			isa = PBXNativeTarget;
			buildConfigurationList = FC501888258D0D1900ECF406 /* Build configuration list for PBXNativeTarget "clusterMap" */;
			buildPhases = (
				BBE6F4869EA7E6F3A7C1153C /* [CP] Check Pods Manifest.lock */,
				FC50185A258D0D1200ECF406 /* Sources */,
				FC50185B258D0D1200ECF406 /* Frameworks */,
				FC50185C258D0D1200ECF406 /* Resources */,
				0611AAD18E4979DFF0232D46 /* [CP] Embed Pods Frameworks */,
			);
			buildRules = (
			);
			dependencies = (
			);
			name = clusterMap;
			productName = clusterMap;
			productReference = FC50185E258D0D1200ECF406 /* clusterMap.app */;
			productType = "com.apple.product-type.application";
		};
		FC501873258D0D1900ECF406 /* clusterMapTests */ = {
			isa = PBXNativeTarget;
			buildConfigurationList = FC50188B258D0D1900ECF406 /* Build configuration list for PBXNativeTarget "clusterMapTests" */;
			buildPhases = (
				20ACB31AB52142132CF0F34A /* [CP] Check Pods Manifest.lock */,
				FC501870258D0D1900ECF406 /* Sources */,
				FC501871258D0D1900ECF406 /* Frameworks */,
				FC501872258D0D1900ECF406 /* Resources */,
			);
			buildRules = (
			);
			dependencies = (
				FC501876258D0D1900ECF406 /* PBXTargetDependency */,
			);
			name = clusterMapTests;
			productName = clusterMapTests;
			productReference = FC501874258D0D1900ECF406 /* clusterMapTests.xctest */;
			productType = "com.apple.product-type.bundle.unit-test";
		};
		FC50187E258D0D1900ECF406 /* clusterMapUITests */ = {
			isa = PBXNativeTarget;
			buildConfigurationList = FC50188E258D0D1900ECF406 /* Build configuration list for PBXNativeTarget "clusterMapUITests" */;
			buildPhases = (
				D84A8645DB420131B5D3F629 /* [CP] Check Pods Manifest.lock */,
				FC50187B258D0D1900ECF406 /* Sources */,
				FC50187C258D0D1900ECF406 /* Frameworks */,
				FC50187D258D0D1900ECF406 /* Resources */,
				B2A43DE6A7C85DB8DD4884F1 /* [CP] Embed Pods Frameworks */,
			);
			buildRules = (
			);
			dependencies = (
				FC501881258D0D1900ECF406 /* PBXTargetDependency */,
			);
			name = clusterMapUITests;
			productName = clusterMapUITests;
			productReference = FC50187F258D0D1900ECF406 /* clusterMapUITests.xctest */;
			productType = "com.apple.product-type.bundle.ui-testing";
		};
/* End PBXNativeTarget section */

/* Begin PBXProject section */
		FC501856258D0D1200ECF406 /* Project object */ = {
			isa = PBXProject;
			attributes = {
				LastSwiftUpdateCheck = 1230;
				LastUpgradeCheck = 1230;
				TargetAttributes = {
					FC50185D258D0D1200ECF406 = {
						CreatedOnToolsVersion = 12.3;
					};
					FC501873258D0D1900ECF406 = {
						CreatedOnToolsVersion = 12.3;
						TestTargetID = FC50185D258D0D1200ECF406;
					};
					FC50187E258D0D1900ECF406 = {
						CreatedOnToolsVersion = 12.3;
						TestTargetID = FC50185D258D0D1200ECF406;
					};
				};
			};
			buildConfigurationList = FC501859258D0D1200ECF406 /* Build configuration list for PBXProject "clusterMap" */;
			compatibilityVersion = "Xcode 9.3";
			developmentRegion = en;
			hasScannedForEncodings = 0;
			knownRegions = (
				en,
				Base,
			);
			mainGroup = FC501855258D0D1200ECF406;
			productRefGroup = FC50185F258D0D1200ECF406 /* Products */;
			projectDirPath = "";
			projectRoot = "";
			targets = (
				FC50185D258D0D1200ECF406 /* clusterMap */,
				FC501873258D0D1900ECF406 /* clusterMapTests */,
				FC50187E258D0D1900ECF406 /* clusterMapUITests */,
			);
		};
/* End PBXProject section */

/* Begin PBXResourcesBuildPhase section */
		FC50185C258D0D1200ECF406 /* Resources */ = {
			isa = PBXResourcesBuildPhase;
			buildActionMask = 2147483647;
			files = (
				FC50186E258D0D1900ECF406 /* LaunchScreen.storyboard in Resources */,
				FC50186B258D0D1900ECF406 /* Assets.xcassets in Resources */,
				FC501869258D0D1200ECF406 /* Main.storyboard in Resources */,
			);
			runOnlyForDeploymentPostprocessing = 0;
		};
		FC501872258D0D1900ECF406 /* Resources */ = {
			isa = PBXResourcesBuildPhase;
			buildActionMask = 2147483647;
			files = (
			);
			runOnlyForDeploymentPostprocessing = 0;
		};
		FC50187D258D0D1900ECF406 /* Resources */ = {
			isa = PBXResourcesBuildPhase;
			buildActionMask = 2147483647;
			files = (
			);
			runOnlyForDeploymentPostprocessing = 0;
		};
/* End PBXResourcesBuildPhase section */

/* Begin PBXShellScriptBuildPhase section */
		0611AAD18E4979DFF0232D46 /* [CP] Embed Pods Frameworks */ = {
			isa = PBXShellScriptBuildPhase;
			buildActionMask = 2147483647;
			files = (
			);
			inputFileListPaths = (
				"${PODS_ROOT}/Target Support Files/Pods-clusterMap/Pods-clusterMap-frameworks-${CONFIGURATION}-input-files.xcfilelist",
			);
			name = "[CP] Embed Pods Frameworks";
			outputFileListPaths = (
				"${PODS_ROOT}/Target Support Files/Pods-clusterMap/Pods-clusterMap-frameworks-${CONFIGURATION}-output-files.xcfilelist",
			);
			runOnlyForDeploymentPostprocessing = 0;
			shellPath = /bin/sh;
			shellScript = "\"${PODS_ROOT}/Target Support Files/Pods-clusterMap/Pods-clusterMap-frameworks.sh\"\n";
			showEnvVarsInLog = 0;
		};
		20ACB31AB52142132CF0F34A /* [CP] Check Pods Manifest.lock */ = {
			isa = PBXShellScriptBuildPhase;
			buildActionMask = 2147483647;
			files = (
			);
			inputFileListPaths = (
			);
			inputPaths = (
				"${PODS_PODFILE_DIR_PATH}/Podfile.lock",
				"${PODS_ROOT}/Manifest.lock",
			);
			name = "[CP] Check Pods Manifest.lock";
			outputFileListPaths = (
			);
			outputPaths = (
				"$(DERIVED_FILE_DIR)/Pods-clusterMapTests-checkManifestLockResult.txt",
			);
			runOnlyForDeploymentPostprocessing = 0;
			shellPath = /bin/sh;
			shellScript = "diff \"${PODS_PODFILE_DIR_PATH}/Podfile.lock\" \"${PODS_ROOT}/Manifest.lock\" > /dev/null\nif [ $? != 0 ] ; then\n    # print error to STDERR\n    echo \"error: The sandbox is not in sync with the Podfile.lock. Run 'pod install' or update your CocoaPods installation.\" >&2\n    exit 1\nfi\n# This output is used by Xcode 'outputs' to avoid re-running this script phase.\necho \"SUCCESS\" > \"${SCRIPT_OUTPUT_FILE_0}\"\n";
			showEnvVarsInLog = 0;
		};
		B2A43DE6A7C85DB8DD4884F1 /* [CP] Embed Pods Frameworks */ = {
			isa = PBXShellScriptBuildPhase;
			buildActionMask = 2147483647;
			files = (
			);
			inputFileListPaths = (
				"${PODS_ROOT}/Target Support Files/Pods-clusterMap-clusterMapUITests/Pods-clusterMap-clusterMapUITests-frameworks-${CONFIGURATION}-input-files.xcfilelist",
			);
			name = "[CP] Embed Pods Frameworks";
			outputFileListPaths = (
				"${PODS_ROOT}/Target Support Files/Pods-clusterMap-clusterMapUITests/Pods-clusterMap-clusterMapUITests-frameworks-${CONFIGURATION}-output-files.xcfilelist",
			);
			runOnlyForDeploymentPostprocessing = 0;
			shellPath = /bin/sh;
			shellScript = "\"${PODS_ROOT}/Target Support Files/Pods-clusterMap-clusterMapUITests/Pods-clusterMap-clusterMapUITests-frameworks.sh\"\n";
			showEnvVarsInLog = 0;
		};
		BBE6F4869EA7E6F3A7C1153C /* [CP] Check Pods Manifest.lock */ = {
			isa = PBXShellScriptBuildPhase;
			buildActionMask = 2147483647;
			files = (
			);
			inputFileListPaths = (
			);
			inputPaths = (
				"${PODS_PODFILE_DIR_PATH}/Podfile.lock",
				"${PODS_ROOT}/Manifest.lock",
			);
			name = "[CP] Check Pods Manifest.lock";
			outputFileListPaths = (
			);
			outputPaths = (
				"$(DERIVED_FILE_DIR)/Pods-clusterMap-checkManifestLockResult.txt",
			);
			runOnlyForDeploymentPostprocessing = 0;
			shellPath = /bin/sh;
			shellScript = "diff \"${PODS_PODFILE_DIR_PATH}/Podfile.lock\" \"${PODS_ROOT}/Manifest.lock\" > /dev/null\nif [ $? != 0 ] ; then\n    # print error to STDERR\n    echo \"error: The sandbox is not in sync with the Podfile.lock. Run 'pod install' or update your CocoaPods installation.\" >&2\n    exit 1\nfi\n# This output is used by Xcode 'outputs' to avoid re-running this script phase.\necho \"SUCCESS\" > \"${SCRIPT_OUTPUT_FILE_0}\"\n";
			showEnvVarsInLog = 0;
		};
		D84A8645DB420131B5D3F629 /* [CP] Check Pods Manifest.lock */ = {
			isa = PBXShellScriptBuildPhase;
			buildActionMask = 2147483647;
			files = (
			);
			inputFileListPaths = (
			);
			inputPaths = (
				"${PODS_PODFILE_DIR_PATH}/Podfile.lock",
				"${PODS_ROOT}/Manifest.lock",
			);
			name = "[CP] Check Pods Manifest.lock";
			outputFileListPaths = (
			);
			outputPaths = (
				"$(DERIVED_FILE_DIR)/Pods-clusterMap-clusterMapUITests-checkManifestLockResult.txt",
			);
			runOnlyForDeploymentPostprocessing = 0;
			shellPath = /bin/sh;
			shellScript = "diff \"${PODS_PODFILE_DIR_PATH}/Podfile.lock\" \"${PODS_ROOT}/Manifest.lock\" > /dev/null\nif [ $? != 0 ] ; then\n    # print error to STDERR\n    echo \"error: The sandbox is not in sync with the Podfile.lock. Run 'pod install' or update your CocoaPods installation.\" >&2\n    exit 1\nfi\n# This output is used by Xcode 'outputs' to avoid re-running this script phase.\necho \"SUCCESS\" > \"${SCRIPT_OUTPUT_FILE_0}\"\n";
			showEnvVarsInLog = 0;
		};
/* End PBXShellScriptBuildPhase section */

/* Begin PBXSourcesBuildPhase section */
		FC50185A258D0D1200ECF406 /* Sources */ = {
			isa = PBXSourcesBuildPhase;
			buildActionMask = 2147483647;
			files = (
				FC501866258D0D1200ECF406 /* ViewController.swift in Sources */,
				FC5018AA258D312F00ECF406 /* Venue.swift in Sources */,
				FC5018A5258D30D500ECF406 /* MapAPIManager.swift in Sources */,
				FC501896258D0F2F00ECF406 /* Secret.swift in Sources */,
				FC501862258D0D1200ECF406 /* AppDelegate.swift in Sources */,
				FC501864258D0D1200ECF406 /* SceneDelegate.swift in Sources */,
			);
			runOnlyForDeploymentPostprocessing = 0;
		};
		FC501870258D0D1900ECF406 /* Sources */ = {
			isa = PBXSourcesBuildPhase;
			buildActionMask = 2147483647;
			files = (
				FC501879258D0D1900ECF406 /* clusterMapTests.swift in Sources */,
			);
			runOnlyForDeploymentPostprocessing = 0;
		};
		FC50187B258D0D1900ECF406 /* Sources */ = {
			isa = PBXSourcesBuildPhase;
			buildActionMask = 2147483647;
			files = (
				FC501884258D0D1900ECF406 /* clusterMapUITests.swift in Sources */,
			);
			runOnlyForDeploymentPostprocessing = 0;
		};
/* End PBXSourcesBuildPhase section */

/* Begin PBXTargetDependency section */
		FC501876258D0D1900ECF406 /* PBXTargetDependency */ = {
			isa = PBXTargetDependency;
			target = FC50185D258D0D1200ECF406 /* clusterMap */;
			targetProxy = FC501875258D0D1900ECF406 /* PBXContainerItemProxy */;
		};
		FC501881258D0D1900ECF406 /* PBXTargetDependency */ = {
			isa = PBXTargetDependency;
			target = FC50185D258D0D1200ECF406 /* clusterMap */;
			targetProxy = FC501880258D0D1900ECF406 /* PBXContainerItemProxy */;
		};
/* End PBXTargetDependency section */

/* Begin PBXVariantGroup section */
		FC501867258D0D1200ECF406 /* Main.storyboard */ = {
			isa = PBXVariantGroup;
			children = (
				FC501868258D0D1200ECF406 /* Base */,
			);
			name = Main.storyboard;
			sourceTree = "<group>";
		};
		FC50186C258D0D1900ECF406 /* LaunchScreen.storyboard */ = {
			isa = PBXVariantGroup;
			children = (
				FC50186D258D0D1900ECF406 /* Base */,
			);
			name = LaunchScreen.storyboard;
			sourceTree = "<group>";
		};
/* End PBXVariantGroup section */

/* Begin XCBuildConfiguration section */
		FC501886258D0D1900ECF406 /* Debug */ = {
			isa = XCBuildConfiguration;
			buildSettings = {
				ALWAYS_SEARCH_USER_PATHS = NO;
				CLANG_ANALYZER_NONNULL = YES;
				CLANG_ANALYZER_NUMBER_OBJECT_CONVERSION = YES_AGGRESSIVE;
				CLANG_CXX_LANGUAGE_STANDARD = "gnu++14";
				CLANG_CXX_LIBRARY = "libc++";
				CLANG_ENABLE_MODULES = YES;
				CLANG_ENABLE_OBJC_ARC = YES;
				CLANG_ENABLE_OBJC_WEAK = YES;
				CLANG_WARN_BLOCK_CAPTURE_AUTORELEASING = YES;
				CLANG_WARN_BOOL_CONVERSION = YES;
				CLANG_WARN_COMMA = YES;
				CLANG_WARN_CONSTANT_CONVERSION = YES;
				CLANG_WARN_DEPRECATED_OBJC_IMPLEMENTATIONS = YES;
				CLANG_WARN_DIRECT_OBJC_ISA_USAGE = YES_ERROR;
				CLANG_WARN_DOCUMENTATION_COMMENTS = YES;
				CLANG_WARN_EMPTY_BODY = YES;
				CLANG_WARN_ENUM_CONVERSION = YES;
				CLANG_WARN_INFINITE_RECURSION = YES;
				CLANG_WARN_INT_CONVERSION = YES;
				CLANG_WARN_NON_LITERAL_NULL_CONVERSION = YES;
				CLANG_WARN_OBJC_IMPLICIT_RETAIN_SELF = YES;
				CLANG_WARN_OBJC_LITERAL_CONVERSION = YES;
				CLANG_WARN_OBJC_ROOT_CLASS = YES_ERROR;
				CLANG_WARN_QUOTED_INCLUDE_IN_FRAMEWORK_HEADER = YES;
				CLANG_WARN_RANGE_LOOP_ANALYSIS = YES;
				CLANG_WARN_STRICT_PROTOTYPES = YES;
				CLANG_WARN_SUSPICIOUS_MOVE = YES;
				CLANG_WARN_UNGUARDED_AVAILABILITY = YES_AGGRESSIVE;
				CLANG_WARN_UNREACHABLE_CODE = YES;
				CLANG_WARN__DUPLICATE_METHOD_MATCH = YES;
				COPY_PHASE_STRIP = NO;
				DEBUG_INFORMATION_FORMAT = dwarf;
				ENABLE_STRICT_OBJC_MSGSEND = YES;
				ENABLE_TESTABILITY = YES;
				GCC_C_LANGUAGE_STANDARD = gnu11;
				GCC_DYNAMIC_NO_PIC = NO;
				GCC_NO_COMMON_BLOCKS = YES;
				GCC_OPTIMIZATION_LEVEL = 0;
				GCC_PREPROCESSOR_DEFINITIONS = (
					"DEBUG=1",
					"$(inherited)",
				);
				GCC_WARN_64_TO_32_BIT_CONVERSION = YES;
				GCC_WARN_ABOUT_RETURN_TYPE = YES_ERROR;
				GCC_WARN_UNDECLARED_SELECTOR = YES;
				GCC_WARN_UNINITIALIZED_AUTOS = YES_AGGRESSIVE;
				GCC_WARN_UNUSED_FUNCTION = YES;
				GCC_WARN_UNUSED_VARIABLE = YES;
				IPHONEOS_DEPLOYMENT_TARGET = 14.3;
				MTL_ENABLE_DEBUG_INFO = INCLUDE_SOURCE;
				MTL_FAST_MATH = YES;
				ONLY_ACTIVE_ARCH = YES;
				SDKROOT = iphoneos;
				SWIFT_ACTIVE_COMPILATION_CONDITIONS = DEBUG;
				SWIFT_OPTIMIZATION_LEVEL = "-Onone";
			};
			name = Debug;
		};
		FC501887258D0D1900ECF406 /* Release */ = {
			isa = XCBuildConfiguration;
			buildSettings = {
				ALWAYS_SEARCH_USER_PATHS = NO;
				CLANG_ANALYZER_NONNULL = YES;
				CLANG_ANALYZER_NUMBER_OBJECT_CONVERSION = YES_AGGRESSIVE;
				CLANG_CXX_LANGUAGE_STANDARD = "gnu++14";
				CLANG_CXX_LIBRARY = "libc++";
				CLANG_ENABLE_MODULES = YES;
				CLANG_ENABLE_OBJC_ARC = YES;
				CLANG_ENABLE_OBJC_WEAK = YES;
				CLANG_WARN_BLOCK_CAPTURE_AUTORELEASING = YES;
				CLANG_WARN_BOOL_CONVERSION = YES;
				CLANG_WARN_COMMA = YES;
				CLANG_WARN_CONSTANT_CONVERSION = YES;
				CLANG_WARN_DEPRECATED_OBJC_IMPLEMENTATIONS = YES;
				CLANG_WARN_DIRECT_OBJC_ISA_USAGE = YES_ERROR;
				CLANG_WARN_DOCUMENTATION_COMMENTS = YES;
				CLANG_WARN_EMPTY_BODY = YES;
				CLANG_WARN_ENUM_CONVERSION = YES;
				CLANG_WARN_INFINITE_RECURSION = YES;
				CLANG_WARN_INT_CONVERSION = YES;
				CLANG_WARN_NON_LITERAL_NULL_CONVERSION = YES;
				CLANG_WARN_OBJC_IMPLICIT_RETAIN_SELF = YES;
				CLANG_WARN_OBJC_LITERAL_CONVERSION = YES;
				CLANG_WARN_OBJC_ROOT_CLASS = YES_ERROR;
				CLANG_WARN_QUOTED_INCLUDE_IN_FRAMEWORK_HEADER = YES;
				CLANG_WARN_RANGE_LOOP_ANALYSIS = YES;
				CLANG_WARN_STRICT_PROTOTYPES = YES;
				CLANG_WARN_SUSPICIOUS_MOVE = YES;
				CLANG_WARN_UNGUARDED_AVAILABILITY = YES_AGGRESSIVE;
				CLANG_WARN_UNREACHABLE_CODE = YES;
				CLANG_WARN__DUPLICATE_METHOD_MATCH = YES;
				COPY_PHASE_STRIP = NO;
				DEBUG_INFORMATION_FORMAT = "dwarf-with-dsym";
				ENABLE_NS_ASSERTIONS = NO;
				ENABLE_STRICT_OBJC_MSGSEND = YES;
				GCC_C_LANGUAGE_STANDARD = gnu11;
				GCC_NO_COMMON_BLOCKS = YES;
				GCC_WARN_64_TO_32_BIT_CONVERSION = YES;
				GCC_WARN_ABOUT_RETURN_TYPE = YES_ERROR;
				GCC_WARN_UNDECLARED_SELECTOR = YES;
				GCC_WARN_UNINITIALIZED_AUTOS = YES_AGGRESSIVE;
				GCC_WARN_UNUSED_FUNCTION = YES;
				GCC_WARN_UNUSED_VARIABLE = YES;
				IPHONEOS_DEPLOYMENT_TARGET = 14.3;
				MTL_ENABLE_DEBUG_INFO = NO;
				MTL_FAST_MATH = YES;
				SDKROOT = iphoneos;
				SWIFT_COMPILATION_MODE = wholemodule;
				SWIFT_OPTIMIZATION_LEVEL = "-O";
				VALIDATE_PRODUCT = YES;
			};
			name = Release;
		};
		FC501889258D0D1900ECF406 /* Debug */ = {
			isa = XCBuildConfiguration;
			baseConfigurationReference = 33E97DA02378BE8399BF7606 /* Pods-clusterMap.debug.xcconfig */;
			buildSettings = {
				ASSETCATALOG_COMPILER_APPICON_NAME = AppIcon;
				ASSETCATALOG_COMPILER_GLOBAL_ACCENT_COLOR_NAME = AccentColor;
				CODE_SIGN_STYLE = Automatic;
				INFOPLIST_FILE = clusterMap/Info.plist;
				LD_RUNPATH_SEARCH_PATHS = (
					"$(inherited)",
					"@executable_path/Frameworks",
				);
				PRODUCT_BUNDLE_IDENTIFIER = com.levi.clusterMap;
				PRODUCT_NAME = "$(TARGET_NAME)";
				SWIFT_VERSION = 5.0;
				TARGETED_DEVICE_FAMILY = "1,2";
			};
			name = Debug;
		};
		FC50188A258D0D1900ECF406 /* Release */ = {
			isa = XCBuildConfiguration;
			baseConfigurationReference = 9E15858169B1B0DBD19A83BF /* Pods-clusterMap.release.xcconfig */;
			buildSettings = {
				ASSETCATALOG_COMPILER_APPICON_NAME = AppIcon;
				ASSETCATALOG_COMPILER_GLOBAL_ACCENT_COLOR_NAME = AccentColor;
				CODE_SIGN_STYLE = Automatic;
				INFOPLIST_FILE = clusterMap/Info.plist;
				LD_RUNPATH_SEARCH_PATHS = (
					"$(inherited)",
					"@executable_path/Frameworks",
				);
				PRODUCT_BUNDLE_IDENTIFIER = com.levi.clusterMap;
				PRODUCT_NAME = "$(TARGET_NAME)";
				SWIFT_VERSION = 5.0;
				TARGETED_DEVICE_FAMILY = "1,2";
			};
			name = Release;
		};
		FC50188C258D0D1900ECF406 /* Debug */ = {
			isa = XCBuildConfiguration;
			baseConfigurationReference = EEA4AEAEDDCC2C3728906194 /* Pods-clusterMapTests.debug.xcconfig */;
			buildSettings = {
				ALWAYS_EMBED_SWIFT_STANDARD_LIBRARIES = YES;
				BUNDLE_LOADER = "$(TEST_HOST)";
				CODE_SIGN_STYLE = Automatic;
				INFOPLIST_FILE = clusterMapTests/Info.plist;
				IPHONEOS_DEPLOYMENT_TARGET = 14.3;
				LD_RUNPATH_SEARCH_PATHS = (
					"$(inherited)",
					"@executable_path/Frameworks",
					"@loader_path/Frameworks",
				);
				PRODUCT_BUNDLE_IDENTIFIER = com.levi.clusterMapTests;
				PRODUCT_NAME = "$(TARGET_NAME)";
				SWIFT_VERSION = 5.0;
				TARGETED_DEVICE_FAMILY = "1,2";
				TEST_HOST = "$(BUILT_PRODUCTS_DIR)/clusterMap.app/clusterMap";
			};
			name = Debug;
		};
		FC50188D258D0D1900ECF406 /* Release */ = {
			isa = XCBuildConfiguration;
			baseConfigurationReference = 279A0EA68C388F3D214C407E /* Pods-clusterMapTests.release.xcconfig */;
			buildSettings = {
				ALWAYS_EMBED_SWIFT_STANDARD_LIBRARIES = YES;
				BUNDLE_LOADER = "$(TEST_HOST)";
				CODE_SIGN_STYLE = Automatic;
				INFOPLIST_FILE = clusterMapTests/Info.plist;
				IPHONEOS_DEPLOYMENT_TARGET = 14.3;
				LD_RUNPATH_SEARCH_PATHS = (
					"$(inherited)",
					"@executable_path/Frameworks",
					"@loader_path/Frameworks",
				);
				PRODUCT_BUNDLE_IDENTIFIER = com.levi.clusterMapTests;
				PRODUCT_NAME = "$(TARGET_NAME)";
				SWIFT_VERSION = 5.0;
				TARGETED_DEVICE_FAMILY = "1,2";
				TEST_HOST = "$(BUILT_PRODUCTS_DIR)/clusterMap.app/clusterMap";
			};
			name = Release;
		};
		FC50188F258D0D1900ECF406 /* Debug */ = {
			isa = XCBuildConfiguration;
			baseConfigurationReference = 56DFB4197A77F9CAD5F898B0 /* Pods-clusterMap-clusterMapUITests.debug.xcconfig */;
			buildSettings = {
				ALWAYS_EMBED_SWIFT_STANDARD_LIBRARIES = YES;
				CODE_SIGN_STYLE = Automatic;
				INFOPLIST_FILE = clusterMapUITests/Info.plist;
				LD_RUNPATH_SEARCH_PATHS = (
					"$(inherited)",
					"@executable_path/Frameworks",
					"@loader_path/Frameworks",
				);
				PRODUCT_BUNDLE_IDENTIFIER = com.levi.clusterMapUITests;
				PRODUCT_NAME = "$(TARGET_NAME)";
				SWIFT_VERSION = 5.0;
				TARGETED_DEVICE_FAMILY = "1,2";
				TEST_TARGET_NAME = clusterMap;
			};
			name = Debug;
		};
		FC501890258D0D1900ECF406 /* Release */ = {
			isa = XCBuildConfiguration;
			baseConfigurationReference = 62D8FA59A4E582B63D88EEFD /* Pods-clusterMap-clusterMapUITests.release.xcconfig */;
			buildSettings = {
				ALWAYS_EMBED_SWIFT_STANDARD_LIBRARIES = YES;
				CODE_SIGN_STYLE = Automatic;
				INFOPLIST_FILE = clusterMapUITests/Info.plist;
				LD_RUNPATH_SEARCH_PATHS = (
					"$(inherited)",
					"@executable_path/Frameworks",
					"@loader_path/Frameworks",
				);
				PRODUCT_BUNDLE_IDENTIFIER = com.levi.clusterMapUITests;
				PRODUCT_NAME = "$(TARGET_NAME)";
				SWIFT_VERSION = 5.0;
				TARGETED_DEVICE_FAMILY = "1,2";
				TEST_TARGET_NAME = clusterMap;
			};
			name = Release;
		};
/* End XCBuildConfiguration section */

/* Begin XCConfigurationList section */
		FC501859258D0D1200ECF406 /* Build configuration list for PBXProject "clusterMap" */ = {
			isa = XCConfigurationList;
			buildConfigurations = (
				FC501886258D0D1900ECF406 /* Debug */,
				FC501887258D0D1900ECF406 /* Release */,
			);
			defaultConfigurationIsVisible = 0;
			defaultConfigurationName = Release;
		};
		FC501888258D0D1900ECF406 /* Build configuration list for PBXNativeTarget "clusterMap" */ = {
			isa = XCConfigurationList;
			buildConfigurations = (
				FC501889258D0D1900ECF406 /* Debug */,
				FC50188A258D0D1900ECF406 /* Release */,
			);
			defaultConfigurationIsVisible = 0;
			defaultConfigurationName = Release;
		};
		FC50188B258D0D1900ECF406 /* Build configuration list for PBXNativeTarget "clusterMapTests" */ = {
			isa = XCConfigurationList;
			buildConfigurations = (
				FC50188C258D0D1900ECF406 /* Debug */,
				FC50188D258D0D1900ECF406 /* Release */,
			);
			defaultConfigurationIsVisible = 0;
			defaultConfigurationName = Release;
		};
		FC50188E258D0D1900ECF406 /* Build configuration list for PBXNativeTarget "clusterMapUITests" */ = {
			isa = XCConfigurationList;
			buildConfigurations = (
				FC50188F258D0D1900ECF406 /* Debug */,
				FC501890258D0D1900ECF406 /* Release */,
			);
			defaultConfigurationIsVisible = 0;
			defaultConfigurationName = Release;
		};
/* End XCConfigurationList section */
	};
	rootObject = FC501856258D0D1200ECF406 /* Project object */;
}
